
Microsoft Visual Studio Solution File, Format Version 12.00
# Visual Studio 14
VisualStudioVersion = 14.0.25420.1
MinimumVisualStudioVersion = 10.0.40219.1
Project("{2150E333-8FDC-42A3-9474-1A3956D46DE8}") = "src", "src", "{59A1017A-441F-4103-8CAF-F36E33390ECB}"
EndProject
Project("{2150E333-8FDC-42A3-9474-1A3956D46DE8}") = "Solution Items", "Solution Items", "{88E70A35-297E-4992-B3D1-03C152169719}"
	ProjectSection(SolutionItems) = preProject
		global.json = global.json
	EndProjectSection
EndProject
Project("{8BB2217D-0F2D-49D1-97BC-3654ED321F3B}") = "EbecShop.Model", "src\EbecShop.Model\EbecShop.Model.xproj", "{9B1B678D-259F-4F79-822D-FA117BE6FB2D}"
EndProject
Project("{00D1A9C2-B5F0-4AF3-8072-F6C62B433612}") = "EbecShopDB", "EbecShopDB\EbecShopDB.sqlproj", "{022DDBB6-31DF-4F46-B204-935BF5D0C3D8}"
EndProject
Project("{2150E333-8FDC-42A3-9474-1A3956D46DE8}") = "Tests", "Tests", "{FDFDEEE0-0547-49C6-9503-99ED2D9673F6}"
EndProject
Project("{8BB2217D-0F2D-49D1-97BC-3654ED321F3B}") = "ConsoleApp", "src\ConsoleApp\ConsoleApp.xproj", "{BA9EBD10-25C4-4547-89FC-35EE953015C7}"
EndProject
Project("{8BB2217D-0F2D-49D1-97BC-3654ED321F3B}") = "EbecShop.DataAccess", "src\EbecShop.DataAccess\EbecShop.DataAccess.xproj", "{49411B12-B74D-471C-A5F9-882C171122A0}"
EndProject
Project("{8BB2217D-0F2D-49D1-97BC-3654ED321F3B}") = "EbecShop.Customer.BizLogic", "src\EbecShop.Customer.BizLogic\EbecShop.Customer.BizLogic.xproj", "{4A834A86-304A-4D04-AD10-55ECD74F85D6}"
EndProject
Project("{8BB2217D-0F2D-49D1-97BC-3654ED321F3B}") = "EbecShop.Customer.BizLogic.Contract", "src\EbecShop.Customer.BizLogic.Contract\EbecShop.Customer.BizLogic.Contract.xproj", "{4C2FA195-2C9D-4338-A68C-AC23DB922563}"
EndProject
Project("{8BB2217D-0F2D-49D1-97BC-3654ED321F3B}") = "EbecShop.Shop.BizLogic.Contract", "src\EbecShop.Shop.BizLogic.Contract\EbecShop.Shop.BizLogic.Contract.xproj", "{A2D897EA-5F06-41F1-809D-1B32D4A06633}"
EndProject
Project("{8BB2217D-0F2D-49D1-97BC-3654ED321F3B}") = "EbecShop.Shop.BizLogic", "src\EbecShop.Shop.BizLogic\EbecShop.Shop.BizLogic.xproj", "{BAE134A9-B7A4-43C0-9EC6-F443524F60C7}"
EndProject
Project("{2150E333-8FDC-42A3-9474-1A3956D46DE8}") = "BizLogic", "BizLogic", "{DE9FA3E6-516A-4360-8DBD-CB07F0341599}"
EndProject
Project("{2150E333-8FDC-42A3-9474-1A3956D46DE8}") = "DataAccess", "DataAccess", "{E2D6C29E-9FD3-4E57-94B9-97350FF9720A}"
EndProject
Project("{2150E333-8FDC-42A3-9474-1A3956D46DE8}") = "WebAPI", "WebAPI", "{BD2D7152-0FBF-4026-91E2-7B22F38C5E10}"
EndProject
Project("{8BB2217D-0F2D-49D1-97BC-3654ED321F3B}") = "EbecShop.Customer.WebAPI", "src\EbecShop.Customer.WebAPI\EbecShop.Customer.WebAPI.xproj", "{1878A505-4402-4B57-BF9F-5393DEAA4392}"
EndProject
Global
	GlobalSection(SolutionConfigurationPlatforms) = preSolution
		Debug|Any CPU = Debug|Any CPU
		Release|Any CPU = Release|Any CPU
	EndGlobalSection
	GlobalSection(ProjectConfigurationPlatforms) = postSolution
		{9B1B678D-259F-4F79-822D-FA117BE6FB2D}.Debug|Any CPU.ActiveCfg = Debug|Any CPU
		{9B1B678D-259F-4F79-822D-FA117BE6FB2D}.Debug|Any CPU.Build.0 = Debug|Any CPU
		{9B1B678D-259F-4F79-822D-FA117BE6FB2D}.Release|Any CPU.ActiveCfg = Release|Any CPU
		{9B1B678D-259F-4F79-822D-FA117BE6FB2D}.Release|Any CPU.Build.0 = Release|Any CPU
		{022DDBB6-31DF-4F46-B204-935BF5D0C3D8}.Debug|Any CPU.ActiveCfg = Debug|Any CPU
		{022DDBB6-31DF-4F46-B204-935BF5D0C3D8}.Debug|Any CPU.Build.0 = Debug|Any CPU
		{022DDBB6-31DF-4F46-B204-935BF5D0C3D8}.Debug|Any CPU.Deploy.0 = Debug|Any CPU
		{022DDBB6-31DF-4F46-B204-935BF5D0C3D8}.Release|Any CPU.ActiveCfg = Release|Any CPU
		{022DDBB6-31DF-4F46-B204-935BF5D0C3D8}.Release|Any CPU.Build.0 = Release|Any CPU
		{022DDBB6-31DF-4F46-B204-935BF5D0C3D8}.Release|Any CPU.Deploy.0 = Release|Any CPU
		{BA9EBD10-25C4-4547-89FC-35EE953015C7}.Debug|Any CPU.ActiveCfg = Debug|Any CPU
		{BA9EBD10-25C4-4547-89FC-35EE953015C7}.Debug|Any CPU.Build.0 = Debug|Any CPU
		{BA9EBD10-25C4-4547-89FC-35EE953015C7}.Release|Any CPU.ActiveCfg = Release|Any CPU
		{BA9EBD10-25C4-4547-89FC-35EE953015C7}.Release|Any CPU.Build.0 = Release|Any CPU
		{49411B12-B74D-471C-A5F9-882C171122A0}.Debug|Any CPU.ActiveCfg = Debug|Any CPU
		{49411B12-B74D-471C-A5F9-882C171122A0}.Debug|Any CPU.Build.0 = Debug|Any CPU
		{49411B12-B74D-471C-A5F9-882C171122A0}.Release|Any CPU.ActiveCfg = Release|Any CPU
		{49411B12-B74D-471C-A5F9-882C171122A0}.Release|Any CPU.Build.0 = Release|Any CPU
		{4A834A86-304A-4D04-AD10-55ECD74F85D6}.Debug|Any CPU.ActiveCfg = Debug|Any CPU
		{4A834A86-304A-4D04-AD10-55ECD74F85D6}.Debug|Any CPU.Build.0 = Debug|Any CPU
		{4A834A86-304A-4D04-AD10-55ECD74F85D6}.Release|Any CPU.ActiveCfg = Release|Any CPU
		{4A834A86-304A-4D04-AD10-55ECD74F85D6}.Release|Any CPU.Build.0 = Release|Any CPU
		{4C2FA195-2C9D-4338-A68C-AC23DB922563}.Debug|Any CPU.ActiveCfg = Debug|Any CPU
		{4C2FA195-2C9D-4338-A68C-AC23DB922563}.Debug|Any CPU.Build.0 = Debug|Any CPU
		{4C2FA195-2C9D-4338-A68C-AC23DB922563}.Release|Any CPU.ActiveCfg = Release|Any CPU
		{4C2FA195-2C9D-4338-A68C-AC23DB922563}.Release|Any CPU.Build.0 = Release|Any CPU
		{A2D897EA-5F06-41F1-809D-1B32D4A06633}.Debug|Any CPU.ActiveCfg = Debug|Any CPU
		{A2D897EA-5F06-41F1-809D-1B32D4A06633}.Debug|Any CPU.Build.0 = Debug|Any CPU
		{A2D897EA-5F06-41F1-809D-1B32D4A06633}.Release|Any CPU.ActiveCfg = Release|Any CPU
		{A2D897EA-5F06-41F1-809D-1B32D4A06633}.Release|Any CPU.Build.0 = Release|Any CPU
		{BAE134A9-B7A4-43C0-9EC6-F443524F60C7}.Debug|Any CPU.ActiveCfg = Debug|Any CPU
		{BAE134A9-B7A4-43C0-9EC6-F443524F60C7}.Debug|Any CPU.Build.0 = Debug|Any CPU
		{BAE134A9-B7A4-43C0-9EC6-F443524F60C7}.Release|Any CPU.ActiveCfg = Release|Any CPU
		{BAE134A9-B7A4-43C0-9EC6-F443524F60C7}.Release|Any CPU.Build.0 = Release|Any CPU
		{1878A505-4402-4B57-BF9F-5393DEAA4392}.Debug|Any CPU.ActiveCfg = Debug|Any CPU
		{1878A505-4402-4B57-BF9F-5393DEAA4392}.Debug|Any CPU.Build.0 = Debug|Any CPU
		{1878A505-4402-4B57-BF9F-5393DEAA4392}.Release|Any CPU.ActiveCfg = Release|Any CPU
		{1878A505-4402-4B57-BF9F-5393DEAA4392}.Release|Any CPU.Build.0 = Release|Any CPU
	EndGlobalSection
	GlobalSection(SolutionProperties) = preSolution
		HideSolutionNode = FALSE
	EndGlobalSection
	GlobalSection(NestedProjects) = preSolution
		{9B1B678D-259F-4F79-822D-FA117BE6FB2D} = {E2D6C29E-9FD3-4E57-94B9-97350FF9720A}
		{BA9EBD10-25C4-4547-89FC-35EE953015C7} = {59A1017A-441F-4103-8CAF-F36E33390ECB}
		{49411B12-B74D-471C-A5F9-882C171122A0} = {E2D6C29E-9FD3-4E57-94B9-97350FF9720A}
		{4A834A86-304A-4D04-AD10-55ECD74F85D6} = {DE9FA3E6-516A-4360-8DBD-CB07F0341599}
		{4C2FA195-2C9D-4338-A68C-AC23DB922563} = {DE9FA3E6-516A-4360-8DBD-CB07F0341599}
		{A2D897EA-5F06-41F1-809D-1B32D4A06633} = {DE9FA3E6-516A-4360-8DBD-CB07F0341599}
		{BAE134A9-B7A4-43C0-9EC6-F443524F60C7} = {DE9FA3E6-516A-4360-8DBD-CB07F0341599}
		{DE9FA3E6-516A-4360-8DBD-CB07F0341599} = {59A1017A-441F-4103-8CAF-F36E33390ECB}
		{E2D6C29E-9FD3-4E57-94B9-97350FF9720A} = {59A1017A-441F-4103-8CAF-F36E33390ECB}
		{BD2D7152-0FBF-4026-91E2-7B22F38C5E10} = {59A1017A-441F-4103-8CAF-F36E33390ECB}
		{1878A505-4402-4B57-BF9F-5393DEAA4392} = {BD2D7152-0FBF-4026-91E2-7B22F38C5E10}
	EndGlobalSection
EndGlobal
